
Microsoft Visual Studio Solution File, Format Version 12.00
# Visual Studio Version 16
VisualStudioVersion = 16.0.31205.134
MinimumVisualStudioVersion = 10.0.40219.1
Project("{FAE04EC0-301F-11D3-BF4B-00C04F79EFBC}") = "TP4_SIM", "TP4_SIM\TP4_SIM.csproj", "{6C51DD8A-3008-4C4F-AB89-DEECC75C3C2E}"
EndProject
Global
	GlobalSection(SolutionConfigurationPlatforms) = preSolution
		Debug|Any CPU = Debug|Any CPU
		Release|Any CPU = Release|Any CPU
	EndGlobalSection
	GlobalSection(ProjectConfigurationPlatforms) = postSolution
		{6C51DD8A-3008-4C4F-AB89-DEECC75C3C2E}.Debug|Any CPU.ActiveCfg = Debug|Any CPU
		{6C51DD8A-3008-4C4F-AB89-DEECC75C3C2E}.Debug|Any CPU.Build.0 = Debug|Any CPU
		{6C51DD8A-3008-4C4F-AB89-DEECC75C3C2E}.Release|Any CPU.ActiveCfg = Release|Any CPU
		{6C51DD8A-3008-4C4F-AB89-DEECC75C3C2E}.Release|Any CPU.Build.0 = Release|Any CPU
	EndGlobalSection
	GlobalSection(SolutionProperties) = preSolution
		HideSolutionNode = FALSE
	EndGlobalSection
	GlobalSection(ExtensibilityGlobals) = postSolution
		SolutionGuid = {8975FFB7-6010-4A37-9042-83350C364F29}
	EndGlobalSection
EndGlobal
